
Microsoft Visual Studio Solution File, Format Version 11.00
# Visual Studio 2010
Project("{06C3D72F-0EBA-46A2-AFEE-5197E65B1782}") = "UnityScript.Build.Tasks", "UnityScript.Build.Tasks.booproj", "{AE78C823-A0EA-4AFC-A839-2634E82FEBB2}"
EndProject
Global
	GlobalSection(SolutionConfigurationPlatforms) = preSolution
		Debug|Any CPU = Debug|Any CPU
		Release|Any CPU = Release|Any CPU
	EndGlobalSection
	GlobalSection(ProjectConfigurationPlatforms) = postSolution
		{AE78C823-A0EA-4AFC-A839-2634E82FEBB2}.Debug|Any CPU.ActiveCfg = Debug|Any CPU
		{AE78C823-A0EA-4AFC-A839-2634E82FEBB2}.Debug|Any CPU.Build.0 = Debug|Any CPU
		{AE78C823-A0EA-4AFC-A839-2634E82FEBB2}.Release|Any CPU.ActiveCfg = Release|Any CPU
		{AE78C823-A0EA-4AFC-A839-2634E82FEBB2}.Release|Any CPU.Build.0 = Release|Any CPU
	EndGlobalSection
	GlobalSection(SolutionProperties) = preSolution
		HideSolutionNode = FALSE
	EndGlobalSection
EndGlobal
